
Microsoft Visual Studio Solution File, Format Version 12.00
# Visual Studio Version 17
VisualStudioVersion = 17.8.34330.188
MinimumVisualStudioVersion = 10.0.40219.1
Project("{FAE04EC0-301F-11D3-BF4B-00C04F79EFBC}") = "M6P1Games", "M6P1Games.csproj", "{EBC2E7FC-0AF3-44B9-909D-7FF7D5925464}"
EndProject
Project("{FAE04EC0-301F-11D3-BF4B-00C04F79EFBC}") = "Entities", "Entities\Entities.csproj", "{00E13828-B71E-4BE7-9143-F4A004E5D602}"
EndProject
Project("{FAE04EC0-301F-11D3-BF4B-00C04F79EFBC}") = "DataAccess", "DataAccess\DataAccess.csproj", "{65C5CB64-77BB-420A-A156-843D45C4EAF9}"
EndProject
Global
	GlobalSection(SolutionConfigurationPlatforms) = preSolution
		Debug|Any CPU = Debug|Any CPU
		Release|Any CPU = Release|Any CPU
	EndGlobalSection
	GlobalSection(ProjectConfigurationPlatforms) = postSolution
		{EBC2E7FC-0AF3-44B9-909D-7FF7D5925464}.Debug|Any CPU.ActiveCfg = Debug|Any CPU
		{EBC2E7FC-0AF3-44B9-909D-7FF7D5925464}.Debug|Any CPU.Build.0 = Debug|Any CPU
		{EBC2E7FC-0AF3-44B9-909D-7FF7D5925464}.Release|Any CPU.ActiveCfg = Release|Any CPU
		{EBC2E7FC-0AF3-44B9-909D-7FF7D5925464}.Release|Any CPU.Build.0 = Release|Any CPU
		{00E13828-B71E-4BE7-9143-F4A004E5D602}.Debug|Any CPU.ActiveCfg = Debug|Any CPU
		{00E13828-B71E-4BE7-9143-F4A004E5D602}.Debug|Any CPU.Build.0 = Debug|Any CPU
		{00E13828-B71E-4BE7-9143-F4A004E5D602}.Release|Any CPU.ActiveCfg = Release|Any CPU
		{00E13828-B71E-4BE7-9143-F4A004E5D602}.Release|Any CPU.Build.0 = Release|Any CPU
		{65C5CB64-77BB-420A-A156-843D45C4EAF9}.Debug|Any CPU.ActiveCfg = Debug|Any CPU
		{65C5CB64-77BB-420A-A156-843D45C4EAF9}.Debug|Any CPU.Build.0 = Debug|Any CPU
		{65C5CB64-77BB-420A-A156-843D45C4EAF9}.Release|Any CPU.ActiveCfg = Release|Any CPU
		{65C5CB64-77BB-420A-A156-843D45C4EAF9}.Release|Any CPU.Build.0 = Release|Any CPU
	EndGlobalSection
	GlobalSection(SolutionProperties) = preSolution
		HideSolutionNode = FALSE
	EndGlobalSection
	GlobalSection(ExtensibilityGlobals) = postSolution
		SolutionGuid = {FD4F5ABD-E11D-4899-9B62-A5459E226E26}
	EndGlobalSection
EndGlobal
